
Microsoft Visual Studio Solution File, Format Version 12.00
# Visual Studio 15
VisualStudioVersion = 15.0.26124.0
MinimumVisualStudioVersion = 15.0.26124.0
Project("{FAE04EC0-301F-11D3-BF4B-00C04F79EFBC}") = "TaskManager.Models", "TaskManager.Models\TaskManager.Models.csproj", "{70BFBBF0-3381-4854-BF9D-EBCE22AFF585}"
EndProject
Project("{FAE04EC0-301F-11D3-BF4B-00C04F79EFBC}") = "TaskManager.Web", "TaskManager.Web\TaskManager.Web.csproj", "{53EDB927-AB70-427A-A375-2C4B1AF849BD}"
EndProject
Project("{FAE04EC0-301F-11D3-BF4B-00C04F79EFBC}") = "TaskManager.Web.Bootstrap", "TaskManager.Web.Bootstrap\TaskManager.Web.Bootstrap.csproj", "{F396DCDF-0A8E-4CD3-9DB6-85DB5C19D886}"
EndProject
Project("{FAE04EC0-301F-11D3-BF4B-00C04F79EFBC}") = "TaskManager.Contract.ViewModel", "TaskManager.Contract.ViewModel\TaskManager.Contract.ViewModel.csproj", "{FE3F3B7F-8862-413C-ACFA-73E9A542E744}"
EndProject
Project("{FAE04EC0-301F-11D3-BF4B-00C04F79EFBC}") = "TaskManager.Contract.Utility", "TaskManager.Contract.Utility\TaskManager.Contract.Utility.csproj", "{5EB7C663-4CA3-49CD-A8BF-C2A4C009D56E}"
EndProject
Project("{FAE04EC0-301F-11D3-BF4B-00C04F79EFBC}") = "TaskManager.Contract.Data", "TaskManager.Contract.Data\TaskManager.Contract.Data.csproj", "{768EA81A-EFE4-41EC-843F-5816EEC644E7}"
EndProject
Project("{FAE04EC0-301F-11D3-BF4B-00C04F79EFBC}") = "TaskManager.Contract.Business", "TaskManager.Contract.Business\TaskManager.Contract.Business.csproj", "{C68D5896-2BDA-47B1-B475-12206A51EA3D}"
EndProject
Project("{FAE04EC0-301F-11D3-BF4B-00C04F79EFBC}") = "TaskManager.ViewModel", "TaskManager.ViewModel\TaskManager.ViewModel.csproj", "{557A0375-C5ED-4491-B91F-B7A229A0D979}"
EndProject
Project("{FAE04EC0-301F-11D3-BF4B-00C04F79EFBC}") = "TaskManager.ViewModel.Tests", "TaskManager.ViewModel.Tests\TaskManager.ViewModel.Tests.csproj", "{3F1CF9CD-C186-4D87-A528-199E06394E3A}"
EndProject
Project("{FAE04EC0-301F-11D3-BF4B-00C04F79EFBC}") = "TaskManager.Utility", "TaskManager.Utility\TaskManager.Utility.csproj", "{0D02E2ED-6F60-4C90-A50C-A0CECFE2B504}"
EndProject
Project("{FAE04EC0-301F-11D3-BF4B-00C04F79EFBC}") = "TaskManager.Utility.Tests", "TaskManager.Utility.Tests\TaskManager.Utility.Tests.csproj", "{803955EA-6D07-4E77-940C-CD30AF37330F}"
EndProject
Project("{FAE04EC0-301F-11D3-BF4B-00C04F79EFBC}") = "TaskManager.Data.Json", "TaskManager.Data.Json\TaskManager.Data.Json.csproj", "{AFD22277-76CF-488D-9E34-BF94A40FAAC8}"
EndProject
Project("{FAE04EC0-301F-11D3-BF4B-00C04F79EFBC}") = "TaskManager.Data.Json.Tests", "TaskManager.Data.Json.Tests\TaskManager.Data.Json.Tests.csproj", "{3F32C81F-065C-4B6C-B2AA-4EF26B961DAC}"
EndProject
Project("{FAE04EC0-301F-11D3-BF4B-00C04F79EFBC}") = "TaskManager.Data.Sqlite", "TaskManager.Data.Sqlite\TaskManager.Data.Sqlite.csproj", "{51B713CF-5922-4520-807E-5F786B0CA168}"
EndProject
Project("{FAE04EC0-301F-11D3-BF4B-00C04F79EFBC}") = "TaskManager.Data.Sqlite.Tests", "TaskManager.Data.Sqlite.Tests\TaskManager.Data.Sqlite.Tests.csproj", "{00828066-697B-4417-9B58-3F708C022C3E}"
EndProject
Project("{FAE04EC0-301F-11D3-BF4B-00C04F79EFBC}") = "TaskManager.Business", "TaskManager.Business\TaskManager.Business.csproj", "{E45A0FE4-D6CD-42DC-A69D-FDE77DB68759}"
EndProject
Project("{FAE04EC0-301F-11D3-BF4B-00C04F79EFBC}") = "TaskManager.Business.Tests", "TaskManager.Business.Tests\TaskManager.Business.Tests.csproj", "{C56C913C-4181-4EBB-9E34-CC0FAC66ED77}"
EndProject
Global
	GlobalSection(SolutionConfigurationPlatforms) = preSolution
		Debug|Any CPU = Debug|Any CPU
		Debug|x64 = Debug|x64
		Debug|x86 = Debug|x86
		Release|Any CPU = Release|Any CPU
		Release|x64 = Release|x64
		Release|x86 = Release|x86
	EndGlobalSection
	GlobalSection(SolutionProperties) = preSolution
		HideSolutionNode = FALSE
	EndGlobalSection
	GlobalSection(ProjectConfigurationPlatforms) = postSolution
		{70BFBBF0-3381-4854-BF9D-EBCE22AFF585}.Debug|Any CPU.ActiveCfg = Debug|Any CPU
		{70BFBBF0-3381-4854-BF9D-EBCE22AFF585}.Debug|Any CPU.Build.0 = Debug|Any CPU
		{70BFBBF0-3381-4854-BF9D-EBCE22AFF585}.Debug|x64.ActiveCfg = Debug|Any CPU
		{70BFBBF0-3381-4854-BF9D-EBCE22AFF585}.Debug|x64.Build.0 = Debug|Any CPU
		{70BFBBF0-3381-4854-BF9D-EBCE22AFF585}.Debug|x86.ActiveCfg = Debug|Any CPU
		{70BFBBF0-3381-4854-BF9D-EBCE22AFF585}.Debug|x86.Build.0 = Debug|Any CPU
		{70BFBBF0-3381-4854-BF9D-EBCE22AFF585}.Release|Any CPU.ActiveCfg = Release|Any CPU
		{70BFBBF0-3381-4854-BF9D-EBCE22AFF585}.Release|Any CPU.Build.0 = Release|Any CPU
		{70BFBBF0-3381-4854-BF9D-EBCE22AFF585}.Release|x64.ActiveCfg = Release|Any CPU
		{70BFBBF0-3381-4854-BF9D-EBCE22AFF585}.Release|x64.Build.0 = Release|Any CPU
		{70BFBBF0-3381-4854-BF9D-EBCE22AFF585}.Release|x86.ActiveCfg = Release|Any CPU
		{70BFBBF0-3381-4854-BF9D-EBCE22AFF585}.Release|x86.Build.0 = Release|Any CPU
		{53EDB927-AB70-427A-A375-2C4B1AF849BD}.Debug|Any CPU.ActiveCfg = Debug|Any CPU
		{53EDB927-AB70-427A-A375-2C4B1AF849BD}.Debug|Any CPU.Build.0 = Debug|Any CPU
		{53EDB927-AB70-427A-A375-2C4B1AF849BD}.Debug|x64.ActiveCfg = Debug|Any CPU
		{53EDB927-AB70-427A-A375-2C4B1AF849BD}.Debug|x64.Build.0 = Debug|Any CPU
		{53EDB927-AB70-427A-A375-2C4B1AF849BD}.Debug|x86.ActiveCfg = Debug|Any CPU
		{53EDB927-AB70-427A-A375-2C4B1AF849BD}.Debug|x86.Build.0 = Debug|Any CPU
		{53EDB927-AB70-427A-A375-2C4B1AF849BD}.Release|Any CPU.ActiveCfg = Release|Any CPU
		{53EDB927-AB70-427A-A375-2C4B1AF849BD}.Release|Any CPU.Build.0 = Release|Any CPU
		{53EDB927-AB70-427A-A375-2C4B1AF849BD}.Release|x64.ActiveCfg = Release|Any CPU
		{53EDB927-AB70-427A-A375-2C4B1AF849BD}.Release|x64.Build.0 = Release|Any CPU
		{53EDB927-AB70-427A-A375-2C4B1AF849BD}.Release|x86.ActiveCfg = Release|Any CPU
		{53EDB927-AB70-427A-A375-2C4B1AF849BD}.Release|x86.Build.0 = Release|Any CPU
		{F396DCDF-0A8E-4CD3-9DB6-85DB5C19D886}.Debug|Any CPU.ActiveCfg = Debug|Any CPU
		{F396DCDF-0A8E-4CD3-9DB6-85DB5C19D886}.Debug|Any CPU.Build.0 = Debug|Any CPU
		{F396DCDF-0A8E-4CD3-9DB6-85DB5C19D886}.Debug|x64.ActiveCfg = Debug|Any CPU
		{F396DCDF-0A8E-4CD3-9DB6-85DB5C19D886}.Debug|x64.Build.0 = Debug|Any CPU
		{F396DCDF-0A8E-4CD3-9DB6-85DB5C19D886}.Debug|x86.ActiveCfg = Debug|Any CPU
		{F396DCDF-0A8E-4CD3-9DB6-85DB5C19D886}.Debug|x86.Build.0 = Debug|Any CPU
		{F396DCDF-0A8E-4CD3-9DB6-85DB5C19D886}.Release|Any CPU.ActiveCfg = Release|Any CPU
		{F396DCDF-0A8E-4CD3-9DB6-85DB5C19D886}.Release|Any CPU.Build.0 = Release|Any CPU
		{F396DCDF-0A8E-4CD3-9DB6-85DB5C19D886}.Release|x64.ActiveCfg = Release|Any CPU
		{F396DCDF-0A8E-4CD3-9DB6-85DB5C19D886}.Release|x64.Build.0 = Release|Any CPU
		{F396DCDF-0A8E-4CD3-9DB6-85DB5C19D886}.Release|x86.ActiveCfg = Release|Any CPU
		{F396DCDF-0A8E-4CD3-9DB6-85DB5C19D886}.Release|x86.Build.0 = Release|Any CPU
		{FE3F3B7F-8862-413C-ACFA-73E9A542E744}.Debug|Any CPU.ActiveCfg = Debug|Any CPU
		{FE3F3B7F-8862-413C-ACFA-73E9A542E744}.Debug|Any CPU.Build.0 = Debug|Any CPU
		{FE3F3B7F-8862-413C-ACFA-73E9A542E744}.Debug|x64.ActiveCfg = Debug|Any CPU
		{FE3F3B7F-8862-413C-ACFA-73E9A542E744}.Debug|x64.Build.0 = Debug|Any CPU
		{FE3F3B7F-8862-413C-ACFA-73E9A542E744}.Debug|x86.ActiveCfg = Debug|Any CPU
		{FE3F3B7F-8862-413C-ACFA-73E9A542E744}.Debug|x86.Build.0 = Debug|Any CPU
		{FE3F3B7F-8862-413C-ACFA-73E9A542E744}.Release|Any CPU.ActiveCfg = Release|Any CPU
		{FE3F3B7F-8862-413C-ACFA-73E9A542E744}.Release|Any CPU.Build.0 = Release|Any CPU
		{FE3F3B7F-8862-413C-ACFA-73E9A542E744}.Release|x64.ActiveCfg = Release|Any CPU
		{FE3F3B7F-8862-413C-ACFA-73E9A542E744}.Release|x64.Build.0 = Release|Any CPU
		{FE3F3B7F-8862-413C-ACFA-73E9A542E744}.Release|x86.ActiveCfg = Release|Any CPU
		{FE3F3B7F-8862-413C-ACFA-73E9A542E744}.Release|x86.Build.0 = Release|Any CPU
		{5EB7C663-4CA3-49CD-A8BF-C2A4C009D56E}.Debug|Any CPU.ActiveCfg = Debug|Any CPU
		{5EB7C663-4CA3-49CD-A8BF-C2A4C009D56E}.Debug|Any CPU.Build.0 = Debug|Any CPU
		{5EB7C663-4CA3-49CD-A8BF-C2A4C009D56E}.Debug|x64.ActiveCfg = Debug|Any CPU
		{5EB7C663-4CA3-49CD-A8BF-C2A4C009D56E}.Debug|x64.Build.0 = Debug|Any CPU
		{5EB7C663-4CA3-49CD-A8BF-C2A4C009D56E}.Debug|x86.ActiveCfg = Debug|Any CPU
		{5EB7C663-4CA3-49CD-A8BF-C2A4C009D56E}.Debug|x86.Build.0 = Debug|Any CPU
		{5EB7C663-4CA3-49CD-A8BF-C2A4C009D56E}.Release|Any CPU.ActiveCfg = Release|Any CPU
		{5EB7C663-4CA3-49CD-A8BF-C2A4C009D56E}.Release|Any CPU.Build.0 = Release|Any CPU
		{5EB7C663-4CA3-49CD-A8BF-C2A4C009D56E}.Release|x64.ActiveCfg = Release|Any CPU
		{5EB7C663-4CA3-49CD-A8BF-C2A4C009D56E}.Release|x64.Build.0 = Release|Any CPU
		{5EB7C663-4CA3-49CD-A8BF-C2A4C009D56E}.Release|x86.ActiveCfg = Release|Any CPU
		{5EB7C663-4CA3-49CD-A8BF-C2A4C009D56E}.Release|x86.Build.0 = Release|Any CPU
		{768EA81A-EFE4-41EC-843F-5816EEC644E7}.Debug|Any CPU.ActiveCfg = Debug|Any CPU
		{768EA81A-EFE4-41EC-843F-5816EEC644E7}.Debug|Any CPU.Build.0 = Debug|Any CPU
		{768EA81A-EFE4-41EC-843F-5816EEC644E7}.Debug|x64.ActiveCfg = Debug|Any CPU
		{768EA81A-EFE4-41EC-843F-5816EEC644E7}.Debug|x64.Build.0 = Debug|Any CPU
		{768EA81A-EFE4-41EC-843F-5816EEC644E7}.Debug|x86.ActiveCfg = Debug|Any CPU
		{768EA81A-EFE4-41EC-843F-5816EEC644E7}.Debug|x86.Build.0 = Debug|Any CPU
		{768EA81A-EFE4-41EC-843F-5816EEC644E7}.Release|Any CPU.ActiveCfg = Release|Any CPU
		{768EA81A-EFE4-41EC-843F-5816EEC644E7}.Release|Any CPU.Build.0 = Release|Any CPU
		{768EA81A-EFE4-41EC-843F-5816EEC644E7}.Release|x64.ActiveCfg = Release|Any CPU
		{768EA81A-EFE4-41EC-843F-5816EEC644E7}.Release|x64.Build.0 = Release|Any CPU
		{768EA81A-EFE4-41EC-843F-5816EEC644E7}.Release|x86.ActiveCfg = Release|Any CPU
		{768EA81A-EFE4-41EC-843F-5816EEC644E7}.Release|x86.Build.0 = Release|Any CPU
		{C68D5896-2BDA-47B1-B475-12206A51EA3D}.Debug|Any CPU.ActiveCfg = Debug|Any CPU
		{C68D5896-2BDA-47B1-B475-12206A51EA3D}.Debug|Any CPU.Build.0 = Debug|Any CPU
		{C68D5896-2BDA-47B1-B475-12206A51EA3D}.Debug|x64.ActiveCfg = Debug|Any CPU
		{C68D5896-2BDA-47B1-B475-12206A51EA3D}.Debug|x64.Build.0 = Debug|Any CPU
		{C68D5896-2BDA-47B1-B475-12206A51EA3D}.Debug|x86.ActiveCfg = Debug|Any CPU
		{C68D5896-2BDA-47B1-B475-12206A51EA3D}.Debug|x86.Build.0 = Debug|Any CPU
		{C68D5896-2BDA-47B1-B475-12206A51EA3D}.Release|Any CPU.ActiveCfg = Release|Any CPU
		{C68D5896-2BDA-47B1-B475-12206A51EA3D}.Release|Any CPU.Build.0 = Release|Any CPU
		{C68D5896-2BDA-47B1-B475-12206A51EA3D}.Release|x64.ActiveCfg = Release|Any CPU
		{C68D5896-2BDA-47B1-B475-12206A51EA3D}.Release|x64.Build.0 = Release|Any CPU
		{C68D5896-2BDA-47B1-B475-12206A51EA3D}.Release|x86.ActiveCfg = Release|Any CPU
		{C68D5896-2BDA-47B1-B475-12206A51EA3D}.Release|x86.Build.0 = Release|Any CPU
		{557A0375-C5ED-4491-B91F-B7A229A0D979}.Debug|Any CPU.ActiveCfg = Debug|Any CPU
		{557A0375-C5ED-4491-B91F-B7A229A0D979}.Debug|Any CPU.Build.0 = Debug|Any CPU
		{557A0375-C5ED-4491-B91F-B7A229A0D979}.Debug|x64.ActiveCfg = Debug|Any CPU
		{557A0375-C5ED-4491-B91F-B7A229A0D979}.Debug|x64.Build.0 = Debug|Any CPU
		{557A0375-C5ED-4491-B91F-B7A229A0D979}.Debug|x86.ActiveCfg = Debug|Any CPU
		{557A0375-C5ED-4491-B91F-B7A229A0D979}.Debug|x86.Build.0 = Debug|Any CPU
		{557A0375-C5ED-4491-B91F-B7A229A0D979}.Release|Any CPU.ActiveCfg = Release|Any CPU
		{557A0375-C5ED-4491-B91F-B7A229A0D979}.Release|Any CPU.Build.0 = Release|Any CPU
		{557A0375-C5ED-4491-B91F-B7A229A0D979}.Release|x64.ActiveCfg = Release|Any CPU
		{557A0375-C5ED-4491-B91F-B7A229A0D979}.Release|x64.Build.0 = Release|Any CPU
		{557A0375-C5ED-4491-B91F-B7A229A0D979}.Release|x86.ActiveCfg = Release|Any CPU
		{557A0375-C5ED-4491-B91F-B7A229A0D979}.Release|x86.Build.0 = Release|Any CPU
		{3F1CF9CD-C186-4D87-A528-199E06394E3A}.Debug|Any CPU.ActiveCfg = Debug|Any CPU
		{3F1CF9CD-C186-4D87-A528-199E06394E3A}.Debug|Any CPU.Build.0 = Debug|Any CPU
		{3F1CF9CD-C186-4D87-A528-199E06394E3A}.Debug|x64.ActiveCfg = Debug|Any CPU
		{3F1CF9CD-C186-4D87-A528-199E06394E3A}.Debug|x64.Build.0 = Debug|Any CPU
		{3F1CF9CD-C186-4D87-A528-199E06394E3A}.Debug|x86.ActiveCfg = Debug|Any CPU
		{3F1CF9CD-C186-4D87-A528-199E06394E3A}.Debug|x86.Build.0 = Debug|Any CPU
		{3F1CF9CD-C186-4D87-A528-199E06394E3A}.Release|Any CPU.ActiveCfg = Release|Any CPU
		{3F1CF9CD-C186-4D87-A528-199E06394E3A}.Release|Any CPU.Build.0 = Release|Any CPU
		{3F1CF9CD-C186-4D87-A528-199E06394E3A}.Release|x64.ActiveCfg = Release|Any CPU
		{3F1CF9CD-C186-4D87-A528-199E06394E3A}.Release|x64.Build.0 = Release|Any CPU
		{3F1CF9CD-C186-4D87-A528-199E06394E3A}.Release|x86.ActiveCfg = Release|Any CPU
		{3F1CF9CD-C186-4D87-A528-199E06394E3A}.Release|x86.Build.0 = Release|Any CPU
		{0D02E2ED-6F60-4C90-A50C-A0CECFE2B504}.Debug|Any CPU.ActiveCfg = Debug|Any CPU
		{0D02E2ED-6F60-4C90-A50C-A0CECFE2B504}.Debug|Any CPU.Build.0 = Debug|Any CPU
		{0D02E2ED-6F60-4C90-A50C-A0CECFE2B504}.Debug|x64.ActiveCfg = Debug|Any CPU
		{0D02E2ED-6F60-4C90-A50C-A0CECFE2B504}.Debug|x64.Build.0 = Debug|Any CPU
		{0D02E2ED-6F60-4C90-A50C-A0CECFE2B504}.Debug|x86.ActiveCfg = Debug|Any CPU
		{0D02E2ED-6F60-4C90-A50C-A0CECFE2B504}.Debug|x86.Build.0 = Debug|Any CPU
		{0D02E2ED-6F60-4C90-A50C-A0CECFE2B504}.Release|Any CPU.ActiveCfg = Release|Any CPU
		{0D02E2ED-6F60-4C90-A50C-A0CECFE2B504}.Release|Any CPU.Build.0 = Release|Any CPU
		{0D02E2ED-6F60-4C90-A50C-A0CECFE2B504}.Release|x64.ActiveCfg = Release|Any CPU
		{0D02E2ED-6F60-4C90-A50C-A0CECFE2B504}.Release|x64.Build.0 = Release|Any CPU
		{0D02E2ED-6F60-4C90-A50C-A0CECFE2B504}.Release|x86.ActiveCfg = Release|Any CPU
		{0D02E2ED-6F60-4C90-A50C-A0CECFE2B504}.Release|x86.Build.0 = Release|Any CPU
		{803955EA-6D07-4E77-940C-CD30AF37330F}.Debug|Any CPU.ActiveCfg = Debug|Any CPU
		{803955EA-6D07-4E77-940C-CD30AF37330F}.Debug|Any CPU.Build.0 = Debug|Any CPU
		{803955EA-6D07-4E77-940C-CD30AF37330F}.Debug|x64.ActiveCfg = Debug|Any CPU
		{803955EA-6D07-4E77-940C-CD30AF37330F}.Debug|x64.Build.0 = Debug|Any CPU
		{803955EA-6D07-4E77-940C-CD30AF37330F}.Debug|x86.ActiveCfg = Debug|Any CPU
		{803955EA-6D07-4E77-940C-CD30AF37330F}.Debug|x86.Build.0 = Debug|Any CPU
		{803955EA-6D07-4E77-940C-CD30AF37330F}.Release|Any CPU.ActiveCfg = Release|Any CPU
		{803955EA-6D07-4E77-940C-CD30AF37330F}.Release|Any CPU.Build.0 = Release|Any CPU
		{803955EA-6D07-4E77-940C-CD30AF37330F}.Release|x64.ActiveCfg = Release|Any CPU
		{803955EA-6D07-4E77-940C-CD30AF37330F}.Release|x64.Build.0 = Release|Any CPU
		{803955EA-6D07-4E77-940C-CD30AF37330F}.Release|x86.ActiveCfg = Release|Any CPU
		{803955EA-6D07-4E77-940C-CD30AF37330F}.Release|x86.Build.0 = Release|Any CPU
		{AFD22277-76CF-488D-9E34-BF94A40FAAC8}.Debug|Any CPU.ActiveCfg = Debug|Any CPU
		{AFD22277-76CF-488D-9E34-BF94A40FAAC8}.Debug|Any CPU.Build.0 = Debug|Any CPU
		{AFD22277-76CF-488D-9E34-BF94A40FAAC8}.Debug|x64.ActiveCfg = Debug|Any CPU
		{AFD22277-76CF-488D-9E34-BF94A40FAAC8}.Debug|x64.Build.0 = Debug|Any CPU
		{AFD22277-76CF-488D-9E34-BF94A40FAAC8}.Debug|x86.ActiveCfg = Debug|Any CPU
		{AFD22277-76CF-488D-9E34-BF94A40FAAC8}.Debug|x86.Build.0 = Debug|Any CPU
		{AFD22277-76CF-488D-9E34-BF94A40FAAC8}.Release|Any CPU.ActiveCfg = Release|Any CPU
		{AFD22277-76CF-488D-9E34-BF94A40FAAC8}.Release|Any CPU.Build.0 = Release|Any CPU
		{AFD22277-76CF-488D-9E34-BF94A40FAAC8}.Release|x64.ActiveCfg = Release|Any CPU
		{AFD22277-76CF-488D-9E34-BF94A40FAAC8}.Release|x64.Build.0 = Release|Any CPU
		{AFD22277-76CF-488D-9E34-BF94A40FAAC8}.Release|x86.ActiveCfg = Release|Any CPU
		{AFD22277-76CF-488D-9E34-BF94A40FAAC8}.Release|x86.Build.0 = Release|Any CPU
		{3F32C81F-065C-4B6C-B2AA-4EF26B961DAC}.Debug|Any CPU.ActiveCfg = Debug|Any CPU
		{3F32C81F-065C-4B6C-B2AA-4EF26B961DAC}.Debug|Any CPU.Build.0 = Debug|Any CPU
		{3F32C81F-065C-4B6C-B2AA-4EF26B961DAC}.Debug|x64.ActiveCfg = Debug|Any CPU
		{3F32C81F-065C-4B6C-B2AA-4EF26B961DAC}.Debug|x64.Build.0 = Debug|Any CPU
		{3F32C81F-065C-4B6C-B2AA-4EF26B961DAC}.Debug|x86.ActiveCfg = Debug|Any CPU
		{3F32C81F-065C-4B6C-B2AA-4EF26B961DAC}.Debug|x86.Build.0 = Debug|Any CPU
		{3F32C81F-065C-4B6C-B2AA-4EF26B961DAC}.Release|Any CPU.ActiveCfg = Release|Any CPU
		{3F32C81F-065C-4B6C-B2AA-4EF26B961DAC}.Release|Any CPU.Build.0 = Release|Any CPU
		{3F32C81F-065C-4B6C-B2AA-4EF26B961DAC}.Release|x64.ActiveCfg = Release|Any CPU
		{3F32C81F-065C-4B6C-B2AA-4EF26B961DAC}.Release|x64.Build.0 = Release|Any CPU
		{3F32C81F-065C-4B6C-B2AA-4EF26B961DAC}.Release|x86.ActiveCfg = Release|Any CPU
		{3F32C81F-065C-4B6C-B2AA-4EF26B961DAC}.Release|x86.Build.0 = Release|Any CPU
		{51B713CF-5922-4520-807E-5F786B0CA168}.Debug|Any CPU.ActiveCfg = Debug|Any CPU
		{51B713CF-5922-4520-807E-5F786B0CA168}.Debug|Any CPU.Build.0 = Debug|Any CPU
		{51B713CF-5922-4520-807E-5F786B0CA168}.Debug|x64.ActiveCfg = Debug|Any CPU
		{51B713CF-5922-4520-807E-5F786B0CA168}.Debug|x64.Build.0 = Debug|Any CPU
		{51B713CF-5922-4520-807E-5F786B0CA168}.Debug|x86.ActiveCfg = Debug|Any CPU
		{51B713CF-5922-4520-807E-5F786B0CA168}.Debug|x86.Build.0 = Debug|Any CPU
		{51B713CF-5922-4520-807E-5F786B0CA168}.Release|Any CPU.ActiveCfg = Release|Any CPU
		{51B713CF-5922-4520-807E-5F786B0CA168}.Release|Any CPU.Build.0 = Release|Any CPU
		{51B713CF-5922-4520-807E-5F786B0CA168}.Release|x64.ActiveCfg = Release|Any CPU
		{51B713CF-5922-4520-807E-5F786B0CA168}.Release|x64.Build.0 = Release|Any CPU
		{51B713CF-5922-4520-807E-5F786B0CA168}.Release|x86.ActiveCfg = Release|Any CPU
		{51B713CF-5922-4520-807E-5F786B0CA168}.Release|x86.Build.0 = Release|Any CPU
		{00828066-697B-4417-9B58-3F708C022C3E}.Debug|Any CPU.ActiveCfg = Debug|Any CPU
		{00828066-697B-4417-9B58-3F708C022C3E}.Debug|Any CPU.Build.0 = Debug|Any CPU
		{00828066-697B-4417-9B58-3F708C022C3E}.Debug|x64.ActiveCfg = Debug|Any CPU
		{00828066-697B-4417-9B58-3F708C022C3E}.Debug|x64.Build.0 = Debug|Any CPU
		{00828066-697B-4417-9B58-3F708C022C3E}.Debug|x86.ActiveCfg = Debug|Any CPU
		{00828066-697B-4417-9B58-3F708C022C3E}.Debug|x86.Build.0 = Debug|Any CPU
		{00828066-697B-4417-9B58-3F708C022C3E}.Release|Any CPU.ActiveCfg = Release|Any CPU
		{00828066-697B-4417-9B58-3F708C022C3E}.Release|Any CPU.Build.0 = Release|Any CPU
		{00828066-697B-4417-9B58-3F708C022C3E}.Release|x64.ActiveCfg = Release|Any CPU
		{00828066-697B-4417-9B58-3F708C022C3E}.Release|x64.Build.0 = Release|Any CPU
		{00828066-697B-4417-9B58-3F708C022C3E}.Release|x86.ActiveCfg = Release|Any CPU
		{00828066-697B-4417-9B58-3F708C022C3E}.Release|x86.Build.0 = Release|Any CPU
		{E45A0FE4-D6CD-42DC-A69D-FDE77DB68759}.Debug|Any CPU.ActiveCfg = Debug|Any CPU
		{E45A0FE4-D6CD-42DC-A69D-FDE77DB68759}.Debug|Any CPU.Build.0 = Debug|Any CPU
		{E45A0FE4-D6CD-42DC-A69D-FDE77DB68759}.Debug|x64.ActiveCfg = Debug|Any CPU
		{E45A0FE4-D6CD-42DC-A69D-FDE77DB68759}.Debug|x64.Build.0 = Debug|Any CPU
		{E45A0FE4-D6CD-42DC-A69D-FDE77DB68759}.Debug|x86.ActiveCfg = Debug|Any CPU
		{E45A0FE4-D6CD-42DC-A69D-FDE77DB68759}.Debug|x86.Build.0 = Debug|Any CPU
		{E45A0FE4-D6CD-42DC-A69D-FDE77DB68759}.Release|Any CPU.ActiveCfg = Release|Any CPU
		{E45A0FE4-D6CD-42DC-A69D-FDE77DB68759}.Release|Any CPU.Build.0 = Release|Any CPU
		{E45A0FE4-D6CD-42DC-A69D-FDE77DB68759}.Release|x64.ActiveCfg = Release|Any CPU
		{E45A0FE4-D6CD-42DC-A69D-FDE77DB68759}.Release|x64.Build.0 = Release|Any CPU
		{E45A0FE4-D6CD-42DC-A69D-FDE77DB68759}.Release|x86.ActiveCfg = Release|Any CPU
		{E45A0FE4-D6CD-42DC-A69D-FDE77DB68759}.Release|x86.Build.0 = Release|Any CPU
		{C56C913C-4181-4EBB-9E34-CC0FAC66ED77}.Debug|Any CPU.ActiveCfg = Debug|Any CPU
		{C56C913C-4181-4EBB-9E34-CC0FAC66ED77}.Debug|Any CPU.Build.0 = Debug|Any CPU
		{C56C913C-4181-4EBB-9E34-CC0FAC66ED77}.Debug|x64.ActiveCfg = Debug|Any CPU
		{C56C913C-4181-4EBB-9E34-CC0FAC66ED77}.Debug|x64.Build.0 = Debug|Any CPU
		{C56C913C-4181-4EBB-9E34-CC0FAC66ED77}.Debug|x86.ActiveCfg = Debug|Any CPU
		{C56C913C-4181-4EBB-9E34-CC0FAC66ED77}.Debug|x86.Build.0 = Debug|Any CPU
		{C56C913C-4181-4EBB-9E34-CC0FAC66ED77}.Release|Any CPU.ActiveCfg = Release|Any CPU
		{C56C913C-4181-4EBB-9E34-CC0FAC66ED77}.Release|Any CPU.Build.0 = Release|Any CPU
		{C56C913C-4181-4EBB-9E34-CC0FAC66ED77}.Release|x64.ActiveCfg = Release|Any CPU
		{C56C913C-4181-4EBB-9E34-CC0FAC66ED77}.Release|x64.Build.0 = Release|Any CPU
		{C56C913C-4181-4EBB-9E34-CC0FAC66ED77}.Release|x86.ActiveCfg = Release|Any CPU
		{C56C913C-4181-4EBB-9E34-CC0FAC66ED77}.Release|x86.Build.0 = Release|Any CPU
	EndGlobalSection
EndGlobal
