
Microsoft Visual Studio Solution File, Format Version 12.00
# Visual Studio 15
VisualStudioVersion = 15.0.26124.0
MinimumVisualStudioVersion = 15.0.26124.0
Project("{9A19103F-16F7-4668-BE54-9A1E7A4F7556}") = "TaskManager.Web", "TaskManager.Web\TaskManager.Web.csproj", "{53EDB927-AB70-427A-A375-2C4B1AF849BD}"
EndProject
Project("{9A19103F-16F7-4668-BE54-9A1E7A4F7556}") = "TaskManager.Web.Bootstrap", "TaskManager.Web.Bootstrap\TaskManager.Web.Bootstrap.csproj", "{F396DCDF-0A8E-4CD3-9DB6-85DB5C19D886}"
EndProject
Project("{9A19103F-16F7-4668-BE54-9A1E7A4F7556}") = "TaskManager", "TaskManager\TaskManager.csproj", "{4A426A39-17E0-4B9A-BDE5-FFE90A2D754F}"
EndProject
Global
	GlobalSection(SolutionConfigurationPlatforms) = preSolution
		Debug|Any CPU = Debug|Any CPU
		Debug|x64 = Debug|x64
		Debug|x86 = Debug|x86
		Release|Any CPU = Release|Any CPU
		Release|x64 = Release|x64
		Release|x86 = Release|x86
	EndGlobalSection
	GlobalSection(ProjectConfigurationPlatforms) = postSolution
		{53EDB927-AB70-427A-A375-2C4B1AF849BD}.Debug|Any CPU.ActiveCfg = Debug|Any CPU
		{53EDB927-AB70-427A-A375-2C4B1AF849BD}.Debug|Any CPU.Build.0 = Debug|Any CPU
		{53EDB927-AB70-427A-A375-2C4B1AF849BD}.Debug|x64.ActiveCfg = Debug|Any CPU
		{53EDB927-AB70-427A-A375-2C4B1AF849BD}.Debug|x64.Build.0 = Debug|Any CPU
		{53EDB927-AB70-427A-A375-2C4B1AF849BD}.Debug|x86.ActiveCfg = Debug|Any CPU
		{53EDB927-AB70-427A-A375-2C4B1AF849BD}.Debug|x86.Build.0 = Debug|Any CPU
		{53EDB927-AB70-427A-A375-2C4B1AF849BD}.Release|Any CPU.ActiveCfg = Release|Any CPU
		{53EDB927-AB70-427A-A375-2C4B1AF849BD}.Release|Any CPU.Build.0 = Release|Any CPU
		{53EDB927-AB70-427A-A375-2C4B1AF849BD}.Release|x64.ActiveCfg = Release|Any CPU
		{53EDB927-AB70-427A-A375-2C4B1AF849BD}.Release|x64.Build.0 = Release|Any CPU
		{53EDB927-AB70-427A-A375-2C4B1AF849BD}.Release|x86.ActiveCfg = Release|Any CPU
		{53EDB927-AB70-427A-A375-2C4B1AF849BD}.Release|x86.Build.0 = Release|Any CPU
		{F396DCDF-0A8E-4CD3-9DB6-85DB5C19D886}.Debug|Any CPU.ActiveCfg = Debug|Any CPU
		{F396DCDF-0A8E-4CD3-9DB6-85DB5C19D886}.Debug|Any CPU.Build.0 = Debug|Any CPU
		{F396DCDF-0A8E-4CD3-9DB6-85DB5C19D886}.Debug|x64.ActiveCfg = Debug|Any CPU
		{F396DCDF-0A8E-4CD3-9DB6-85DB5C19D886}.Debug|x64.Build.0 = Debug|Any CPU
		{F396DCDF-0A8E-4CD3-9DB6-85DB5C19D886}.Debug|x86.ActiveCfg = Debug|Any CPU
		{F396DCDF-0A8E-4CD3-9DB6-85DB5C19D886}.Debug|x86.Build.0 = Debug|Any CPU
		{F396DCDF-0A8E-4CD3-9DB6-85DB5C19D886}.Release|Any CPU.ActiveCfg = Release|Any CPU
		{F396DCDF-0A8E-4CD3-9DB6-85DB5C19D886}.Release|Any CPU.Build.0 = Release|Any CPU
		{F396DCDF-0A8E-4CD3-9DB6-85DB5C19D886}.Release|x64.ActiveCfg = Release|Any CPU
		{F396DCDF-0A8E-4CD3-9DB6-85DB5C19D886}.Release|x64.Build.0 = Release|Any CPU
		{F396DCDF-0A8E-4CD3-9DB6-85DB5C19D886}.Release|x86.ActiveCfg = Release|Any CPU
		{F396DCDF-0A8E-4CD3-9DB6-85DB5C19D886}.Release|x86.Build.0 = Release|Any CPU
		{4A426A39-17E0-4B9A-BDE5-FFE90A2D754F}.Debug|Any CPU.ActiveCfg = Debug|Any CPU
		{4A426A39-17E0-4B9A-BDE5-FFE90A2D754F}.Debug|Any CPU.Build.0 = Debug|Any CPU
		{4A426A39-17E0-4B9A-BDE5-FFE90A2D754F}.Debug|x64.ActiveCfg = Debug|Any CPU
		{4A426A39-17E0-4B9A-BDE5-FFE90A2D754F}.Debug|x64.Build.0 = Debug|Any CPU
		{4A426A39-17E0-4B9A-BDE5-FFE90A2D754F}.Debug|x86.ActiveCfg = Debug|Any CPU
		{4A426A39-17E0-4B9A-BDE5-FFE90A2D754F}.Debug|x86.Build.0 = Debug|Any CPU
		{4A426A39-17E0-4B9A-BDE5-FFE90A2D754F}.Release|Any CPU.ActiveCfg = Release|Any CPU
		{4A426A39-17E0-4B9A-BDE5-FFE90A2D754F}.Release|Any CPU.Build.0 = Release|Any CPU
		{4A426A39-17E0-4B9A-BDE5-FFE90A2D754F}.Release|x64.ActiveCfg = Release|Any CPU
		{4A426A39-17E0-4B9A-BDE5-FFE90A2D754F}.Release|x64.Build.0 = Release|Any CPU
		{4A426A39-17E0-4B9A-BDE5-FFE90A2D754F}.Release|x86.ActiveCfg = Release|Any CPU
		{4A426A39-17E0-4B9A-BDE5-FFE90A2D754F}.Release|x86.Build.0 = Release|Any CPU
	EndGlobalSection
	GlobalSection(SolutionProperties) = preSolution
		HideSolutionNode = FALSE
	EndGlobalSection
	GlobalSection(ExtensibilityGlobals) = postSolution
		SolutionGuid = {376BD4EE-E305-4FE5-976C-E3929408E8DA}
	EndGlobalSection
EndGlobal
